// !$*UTF8*$!
{
	archiveVersion = 1;
	classes = {
	};
	objectVersion = 56;
	objects = {

/* Begin PBXBuildFile section */
		890A3B722AEA7EAF0047CA15 /* AppDelegate.swift in Sources */ = {isa = PBXBuildFile; fileRef = 890A3B712AEA7EAF0047CA15 /* AppDelegate.swift */; };
		890A3B742AEA7EAF0047CA15 /* SceneDelegate.swift in Sources */ = {isa = PBXBuildFile; fileRef = 890A3B732AEA7EAF0047CA15 /* SceneDelegate.swift */; };
		890A3B762AEA7EAF0047CA15 /* ViewController.swift in Sources */ = {isa = PBXBuildFile; fileRef = 890A3B752AEA7EAF0047CA15 /* ViewController.swift */; };
		890A3B792AEA7EAF0047CA15 /* Main.storyboard in Resources */ = {isa = PBXBuildFile; fileRef = 890A3B772AEA7EAF0047CA15 /* Main.storyboard */; };
		890A3B7B2AEA7EB00047CA15 /* Assets.xcassets in Resources */ = {isa = PBXBuildFile; fileRef = 890A3B7A2AEA7EB00047CA15 /* Assets.xcassets */; };
		890A3B7E2AEA7EB00047CA15 /* LaunchScreen.storyboard in Resources */ = {isa = PBXBuildFile; fileRef = 890A3B7C2AEA7EB00047CA15 /* LaunchScreen.storyboard */; };
		890A3B8C2AEA98C90047CA15 /* CountrySelectionCell.swift in Sources */ = {isa = PBXBuildFile; fileRef = 890A3B8A2AEA98C90047CA15 /* CountrySelectionCell.swift */; };
		890A3B8D2AEA98C90047CA15 /* CountrySelectionCell.xib in Resources */ = {isa = PBXBuildFile; fileRef = 890A3B8B2AEA98C90047CA15 /* CountrySelectionCell.xib */; };
		89A0D34C2AEB729500FB4982 /* CountryViewController.swift in Sources */ = {isa = PBXBuildFile; fileRef = 89A0D34B2AEB729500FB4982 /* CountryViewController.swift */; };
		89A0D34E2AEB7A8B00FB4982 /* CountryDataModel.swift in Sources */ = {isa = PBXBuildFile; fileRef = 89A0D34D2AEB7A8B00FB4982 /* CountryDataModel.swift */; };
		89B643A72AEFE0020062901C /* LanguageTableViewCell.swift in Sources */ = {isa = PBXBuildFile; fileRef = 89B643A52AEFE0020062901C /* LanguageTableViewCell.swift */; };
		89B643A82AEFE0020062901C /* LanguageTableViewCell.xib in Resources */ = {isa = PBXBuildFile; fileRef = 89B643A62AEFE0020062901C /* LanguageTableViewCell.xib */; };
		89B643AA2AEFE4A50062901C /* CountryLanguageModel.swift in Sources */ = {isa = PBXBuildFile; fileRef = 89B643A92AEFE4A50062901C /* CountryLanguageModel.swift */; };
		89DF85EF2AF0BCD200D9252B /* LanguageViewController.swift in Sources */ = {isa = PBXBuildFile; fileRef = 89DF85EE2AF0BCD200D9252B /* LanguageViewController.swift */; };
/* End PBXBuildFile section */

/* Begin PBXFileReference section */
		890A3B6E2AEA7EAF0047CA15 /* Country.app */ = {isa = PBXFileReference; explicitFileType = wrapper.application; includeInIndex = 0; path = Country.app; sourceTree = BUILT_PRODUCTS_DIR; };
		890A3B712AEA7EAF0047CA15 /* AppDelegate.swift */ = {isa = PBXFileReference; lastKnownFileType = sourcecode.swift; path = AppDelegate.swift; sourceTree = "<group>"; };
		890A3B732AEA7EAF0047CA15 /* SceneDelegate.swift */ = {isa = PBXFileReference; lastKnownFileType = sourcecode.swift; path = SceneDelegate.swift; sourceTree = "<group>"; };
		890A3B752AEA7EAF0047CA15 /* ViewController.swift */ = {isa = PBXFileReference; lastKnownFileType = sourcecode.swift; path = ViewController.swift; sourceTree = "<group>"; };
		890A3B782AEA7EAF0047CA15 /* Base */ = {isa = PBXFileReference; lastKnownFileType = file.storyboard; name = Base; path = Base.lproj/Main.storyboard; sourceTree = "<group>"; };
		890A3B7A2AEA7EB00047CA15 /* Assets.xcassets */ = {isa = PBXFileReference; lastKnownFileType = folder.assetcatalog; path = Assets.xcassets; sourceTree = "<group>"; };
		890A3B7D2AEA7EB00047CA15 /* Base */ = {isa = PBXFileReference; lastKnownFileType = file.storyboard; name = Base; path = Base.lproj/LaunchScreen.storyboard; sourceTree = "<group>"; };
		890A3B7F2AEA7EB00047CA15 /* Info.plist */ = {isa = PBXFileReference; lastKnownFileType = text.plist.xml; path = Info.plist; sourceTree = "<group>"; };
		890A3B8A2AEA98C90047CA15 /* CountrySelectionCell.swift */ = {isa = PBXFileReference; lastKnownFileType = sourcecode.swift; path = CountrySelectionCell.swift; sourceTree = "<group>"; };
		890A3B8B2AEA98C90047CA15 /* CountrySelectionCell.xib */ = {isa = PBXFileReference; lastKnownFileType = file.xib; path = CountrySelectionCell.xib; sourceTree = "<group>"; };
		89A0D34B2AEB729500FB4982 /* CountryViewController.swift */ = {isa = PBXFileReference; lastKnownFileType = sourcecode.swift; path = CountryViewController.swift; sourceTree = "<group>"; };
		89A0D34D2AEB7A8B00FB4982 /* CountryDataModel.swift */ = {isa = PBXFileReference; lastKnownFileType = sourcecode.swift; path = CountryDataModel.swift; sourceTree = "<group>"; };
		89B643A52AEFE0020062901C /* LanguageTableViewCell.swift */ = {isa = PBXFileReference; lastKnownFileType = sourcecode.swift; path = LanguageTableViewCell.swift; sourceTree = "<group>"; };
		89B643A62AEFE0020062901C /* LanguageTableViewCell.xib */ = {isa = PBXFileReference; lastKnownFileType = file.xib; path = LanguageTableViewCell.xib; sourceTree = "<group>"; };
		89B643A92AEFE4A50062901C /* CountryLanguageModel.swift */ = {isa = PBXFileReference; lastKnownFileType = sourcecode.swift; path = CountryLanguageModel.swift; sourceTree = "<group>"; };
		89DF85EE2AF0BCD200D9252B /* LanguageViewController.swift */ = {isa = PBXFileReference; lastKnownFileType = sourcecode.swift; path = LanguageViewController.swift; sourceTree = "<group>"; };
/* End PBXFileReference section */

/* Begin PBXFrameworksBuildPhase section */
		890A3B6B2AEA7EAF0047CA15 /* Frameworks */ = {
			isa = PBXFrameworksBuildPhase;
			buildActionMask = 2147483647;
			files = (
			);
			runOnlyForDeploymentPostprocessing = 0;
		};
/* End PBXFrameworksBuildPhase section */

/* Begin PBXGroup section */
		890A3B652AEA7EAF0047CA15 = {
			isa = PBXGroup;
			children = (
				890A3B702AEA7EAF0047CA15 /* Country */,
				890A3B6F2AEA7EAF0047CA15 /* Products */,
			);
			sourceTree = "<group>";
		};
		890A3B6F2AEA7EAF0047CA15 /* Products */ = {
			isa = PBXGroup;
			children = (
				890A3B6E2AEA7EAF0047CA15 /* Country.app */,
			);
			name = Products;
			sourceTree = "<group>";
		};
		890A3B702AEA7EAF0047CA15 /* Country */ = {
			isa = PBXGroup;
			children = (
				89A0D34D2AEB7A8B00FB4982 /* CountryDataModel.swift */,
				89B643A92AEFE4A50062901C /* CountryLanguageModel.swift */,
				890A3B892AEA98950047CA15 /* CustomCell */,
				89DF85F02AF120CF00D9252B /* LanguageCell */,
				890A3B712AEA7EAF0047CA15 /* AppDelegate.swift */,
				890A3B732AEA7EAF0047CA15 /* SceneDelegate.swift */,
				890A3B752AEA7EAF0047CA15 /* ViewController.swift */,
				89A0D34B2AEB729500FB4982 /* CountryViewController.swift */,
				89DF85EE2AF0BCD200D9252B /* LanguageViewController.swift */,
				890A3B772AEA7EAF0047CA15 /* Main.storyboard */,
				890A3B7A2AEA7EB00047CA15 /* Assets.xcassets */,
				890A3B7C2AEA7EB00047CA15 /* LaunchScreen.storyboard */,
				890A3B7F2AEA7EB00047CA15 /* Info.plist */,
			);
			path = Country;
			sourceTree = "<group>";
		};
		890A3B892AEA98950047CA15 /* CustomCell */ = {
			isa = PBXGroup;
			children = (
				890A3B8A2AEA98C90047CA15 /* CountrySelectionCell.swift */,
				890A3B8B2AEA98C90047CA15 /* CountrySelectionCell.xib */,
			);
			path = CustomCell;
			sourceTree = "<group>";
		};
		89DF85F02AF120CF00D9252B /* LanguageCell */ = {
			isa = PBXGroup;
			children = (
				89B643A62AEFE0020062901C /* LanguageTableViewCell.xib */,
				89B643A52AEFE0020062901C /* LanguageTableViewCell.swift */,
			);
			path = LanguageCell;
			sourceTree = "<group>";
		};
/* End PBXGroup section */

/* Begin PBXNativeTarget section */
		890A3B6D2AEA7EAF0047CA15 /* Country */ = {
			isa = PBXNativeTarget;
			buildConfigurationList = 890A3B822AEA7EB00047CA15 /* Build configuration list for PBXNativeTarget "Country" */;
			buildPhases = (
				890A3B6A2AEA7EAF0047CA15 /* Sources */,
				890A3B6B2AEA7EAF0047CA15 /* Frameworks */,
				890A3B6C2AEA7EAF0047CA15 /* Resources */,
			);
			buildRules = (
			);
			dependencies = (
			);
			name = Country;
			productName = Country;
			productReference = 890A3B6E2AEA7EAF0047CA15 /* Country.app */;
			productType = "com.apple.product-type.application";
		};
/* End PBXNativeTarget section */

/* Begin PBXProject section */
		890A3B662AEA7EAF0047CA15 /* Project object */ = {
			isa = PBXProject;
			attributes = {
				BuildIndependentTargetsInParallel = 1;
				LastSwiftUpdateCheck = 1500;
				LastUpgradeCheck = 1500;
				TargetAttributes = {
					890A3B6D2AEA7EAF0047CA15 = {
						CreatedOnToolsVersion = 15.0;
					};
				};
			};
			buildConfigurationList = 890A3B692AEA7EAF0047CA15 /* Build configuration list for PBXProject "Country" */;
			compatibilityVersion = "Xcode 14.0";
			developmentRegion = en;
			hasScannedForEncodings = 0;
			knownRegions = (
				en,
				Base,
			);
			mainGroup = 890A3B652AEA7EAF0047CA15;
			productRefGroup = 890A3B6F2AEA7EAF0047CA15 /* Products */;
			projectDirPath = "";
			projectRoot = "";
			targets = (
				890A3B6D2AEA7EAF0047CA15 /* Country */,
			);
		};
/* End PBXProject section */

/* Begin PBXResourcesBuildPhase section */
		890A3B6C2AEA7EAF0047CA15 /* Resources */ = {
			isa = PBXResourcesBuildPhase;
			buildActionMask = 2147483647;
			files = (
				890A3B7E2AEA7EB00047CA15 /* LaunchScreen.storyboard in Resources */,
				890A3B7B2AEA7EB00047CA15 /* Assets.xcassets in Resources */,
				890A3B792AEA7EAF0047CA15 /* Main.storyboard in Resources */,
				89B643A82AEFE0020062901C /* LanguageTableViewCell.xib in Resources */,
				890A3B8D2AEA98C90047CA15 /* CountrySelectionCell.xib in Resources */,
			);
			runOnlyForDeploymentPostprocessing = 0;
		};
/* End PBXResourcesBuildPhase section */

/* Begin PBXSourcesBuildPhase section */
		890A3B6A2AEA7EAF0047CA15 /* Sources */ = {
			isa = PBXSourcesBuildPhase;
			buildActionMask = 2147483647;
			files = (
				890A3B762AEA7EAF0047CA15 /* ViewController.swift in Sources */,
				890A3B8C2AEA98C90047CA15 /* CountrySelectionCell.swift in Sources */,
				89DF85EF2AF0BCD200D9252B /* LanguageViewController.swift in Sources */,
				890A3B722AEA7EAF0047CA15 /* AppDelegate.swift in Sources */,
				89A0D34C2AEB729500FB4982 /* CountryViewController.swift in Sources */,
				89A0D34E2AEB7A8B00FB4982 /* CountryDataModel.swift in Sources */,
				890A3B742AEA7EAF0047CA15 /* SceneDelegate.swift in Sources */,
				89B643AA2AEFE4A50062901C /* CountryLanguageModel.swift in Sources */,
				89B643A72AEFE0020062901C /* LanguageTableViewCell.swift in Sources */,
			);
			runOnlyForDeploymentPostprocessing = 0;
		};
/* End PBXSourcesBuildPhase section */

/* Begin PBXVariantGroup section */
		890A3B772AEA7EAF0047CA15 /* Main.storyboard */ = {
			isa = PBXVariantGroup;
			children = (
				890A3B782AEA7EAF0047CA15 /* Base */,
			);
			name = Main.storyboard;
			sourceTree = "<group>";
		};
		890A3B7C2AEA7EB00047CA15 /* LaunchScreen.storyboard */ = {
			isa = PBXVariantGroup;
			children = (
				890A3B7D2AEA7EB00047CA15 /* Base */,
			);
			name = LaunchScreen.storyboard;
			sourceTree = "<group>";
		};
/* End PBXVariantGroup section */

/* Begin XCBuildConfiguration section */
		890A3B802AEA7EB00047CA15 /* Debug */ = {
			isa = XCBuildConfiguration;
			buildSettings = {
				ALWAYS_SEARCH_USER_PATHS = NO;
				ASSETCATALOG_COMPILER_GENERATE_SWIFT_ASSET_SYMBOL_EXTENSIONS = YES;
				CLANG_ANALYZER_NONNULL = YES;
				CLANG_ANALYZER_NUMBER_OBJECT_CONVERSION = YES_AGGRESSIVE;
				CLANG_CXX_LANGUAGE_STANDARD = "gnu++20";
				CLANG_ENABLE_MODULES = YES;
				CLANG_ENABLE_OBJC_ARC = YES;
				CLANG_ENABLE_OBJC_WEAK = YES;
				CLANG_WARN_BLOCK_CAPTURE_AUTORELEASING = YES;
				CLANG_WARN_BOOL_CONVERSION = YES;
				CLANG_WARN_COMMA = YES;
				CLANG_WARN_CONSTANT_CONVERSION = YES;
				CLANG_WARN_DEPRECATED_OBJC_IMPLEMENTATIONS = YES;
				CLANG_WARN_DIRECT_OBJC_ISA_USAGE = YES_ERROR;
				CLANG_WARN_DOCUMENTATION_COMMENTS = YES;
				CLANG_WARN_EMPTY_BODY = YES;
				CLANG_WARN_ENUM_CONVERSION = YES;
				CLANG_WARN_INFINITE_RECURSION = YES;
				CLANG_WARN_INT_CONVERSION = YES;
				CLANG_WARN_NON_LITERAL_NULL_CONVERSION = YES;
				CLANG_WARN_OBJC_IMPLICIT_RETAIN_SELF = YES;
				CLANG_WARN_OBJC_LITERAL_CONVERSION = YES;
				CLANG_WARN_OBJC_ROOT_CLASS = YES_ERROR;
				CLANG_WARN_QUOTED_INCLUDE_IN_FRAMEWORK_HEADER = YES;
				CLANG_WARN_RANGE_LOOP_ANALYSIS = YES;
				CLANG_WARN_STRICT_PROTOTYPES = YES;
				CLANG_WARN_SUSPICIOUS_MOVE = YES;
				CLANG_WARN_UNGUARDED_AVAILABILITY = YES_AGGRESSIVE;
				CLANG_WARN_UNREACHABLE_CODE = YES;
				CLANG_WARN__DUPLICATE_METHOD_MATCH = YES;
				COPY_PHASE_STRIP = NO;
				DEBUG_INFORMATION_FORMAT = dwarf;
				ENABLE_STRICT_OBJC_MSGSEND = YES;
				ENABLE_TESTABILITY = YES;
				ENABLE_USER_SCRIPT_SANDBOXING = YES;
				GCC_C_LANGUAGE_STANDARD = gnu17;
				GCC_DYNAMIC_NO_PIC = NO;
				GCC_NO_COMMON_BLOCKS = YES;
				GCC_OPTIMIZATION_LEVEL = 0;
				GCC_PREPROCESSOR_DEFINITIONS = (
					"DEBUG=1",
					"$(inherited)",
				);
				GCC_WARN_64_TO_32_BIT_CONVERSION = YES;
				GCC_WARN_ABOUT_RETURN_TYPE = YES_ERROR;
				GCC_WARN_UNDECLARED_SELECTOR = YES;
				GCC_WARN_UNINITIALIZED_AUTOS = YES_AGGRESSIVE;
				GCC_WARN_UNUSED_FUNCTION = YES;
				GCC_WARN_UNUSED_VARIABLE = YES;
				IPHONEOS_DEPLOYMENT_TARGET = 17.0;
				LOCALIZATION_PREFERS_STRING_CATALOGS = YES;
				MTL_ENABLE_DEBUG_INFO = INCLUDE_SOURCE;
				MTL_FAST_MATH = YES;
				ONLY_ACTIVE_ARCH = YES;
				SDKROOT = iphoneos;
				SWIFT_ACTIVE_COMPILATION_CONDITIONS = "DEBUG $(inherited)";
				SWIFT_OPTIMIZATION_LEVEL = "-Onone";
			};
			name = Debug;
		};
		890A3B812AEA7EB00047CA15 /* Release */ = {
			isa = XCBuildConfiguration;
			buildSettings = {
				ALWAYS_SEARCH_USER_PATHS = NO;
				ASSETCATALOG_COMPILER_GENERATE_SWIFT_ASSET_SYMBOL_EXTENSIONS = YES;
				CLANG_ANALYZER_NONNULL = YES;
				CLANG_ANALYZER_NUMBER_OBJECT_CONVERSION = YES_AGGRESSIVE;
				CLANG_CXX_LANGUAGE_STANDARD = "gnu++20";
				CLANG_ENABLE_MODULES = YES;
				CLANG_ENABLE_OBJC_ARC = YES;
				CLANG_ENABLE_OBJC_WEAK = YES;
				CLANG_WARN_BLOCK_CAPTURE_AUTORELEASING = YES;
				CLANG_WARN_BOOL_CONVERSION = YES;
				CLANG_WARN_COMMA = YES;
				CLANG_WARN_CONSTANT_CONVERSION = YES;
				CLANG_WARN_DEPRECATED_OBJC_IMPLEMENTATIONS = YES;
				CLANG_WARN_DIRECT_OBJC_ISA_USAGE = YES_ERROR;
				CLANG_WARN_DOCUMENTATION_COMMENTS = YES;
				CLANG_WARN_EMPTY_BODY = YES;
				CLANG_WARN_ENUM_CONVERSION = YES;
				CLANG_WARN_INFINITE_RECURSION = YES;
				CLANG_WARN_INT_CONVERSION = YES;
				CLANG_WARN_NON_LITERAL_NULL_CONVERSION = YES;
				CLANG_WARN_OBJC_IMPLICIT_RETAIN_SELF = YES;
				CLANG_WARN_OBJC_LITERAL_CONVERSION = YES;
				CLANG_WARN_OBJC_ROOT_CLASS = YES_ERROR;
				CLANG_WARN_QUOTED_INCLUDE_IN_FRAMEWORK_HEADER = YES;
				CLANG_WARN_RANGE_LOOP_ANALYSIS = YES;
				CLANG_WARN_STRICT_PROTOTYPES = YES;
				CLANG_WARN_SUSPICIOUS_MOVE = YES;
				CLANG_WARN_UNGUARDED_AVAILABILITY = YES_AGGRESSIVE;
				CLANG_WARN_UNREACHABLE_CODE = YES;
				CLANG_WARN__DUPLICATE_METHOD_MATCH = YES;
				COPY_PHASE_STRIP = NO;
				DEBUG_INFORMATION_FORMAT = "dwarf-with-dsym";
				ENABLE_NS_ASSERTIONS = NO;
				ENABLE_STRICT_OBJC_MSGSEND = YES;
				ENABLE_USER_SCRIPT_SANDBOXING = YES;
				GCC_C_LANGUAGE_STANDARD = gnu17;
				GCC_NO_COMMON_BLOCKS = YES;
				GCC_WARN_64_TO_32_BIT_CONVERSION = YES;
				GCC_WARN_ABOUT_RETURN_TYPE = YES_ERROR;
				GCC_WARN_UNDECLARED_SELECTOR = YES;
				GCC_WARN_UNINITIALIZED_AUTOS = YES_AGGRESSIVE;
				GCC_WARN_UNUSED_FUNCTION = YES;
				GCC_WARN_UNUSED_VARIABLE = YES;
				IPHONEOS_DEPLOYMENT_TARGET = 17.0;
				LOCALIZATION_PREFERS_STRING_CATALOGS = YES;
				MTL_ENABLE_DEBUG_INFO = NO;
				MTL_FAST_MATH = YES;
				SDKROOT = iphoneos;
				SWIFT_COMPILATION_MODE = wholemodule;
				VALIDATE_PRODUCT = YES;
			};
			name = Release;
		};
		890A3B832AEA7EB00047CA15 /* Debug */ = {
			isa = XCBuildConfiguration;
			buildSettings = {
				ASSETCATALOG_COMPILER_APPICON_NAME = AppIcon;
				ASSETCATALOG_COMPILER_GLOBAL_ACCENT_COLOR_NAME = AccentColor;
				CODE_SIGN_STYLE = Automatic;
				CURRENT_PROJECT_VERSION = 1;
				GENERATE_INFOPLIST_FILE = YES;
				INFOPLIST_FILE = Country/Info.plist;
				INFOPLIST_KEY_UIApplicationSupportsIndirectInputEvents = YES;
				INFOPLIST_KEY_UILaunchStoryboardName = LaunchScreen;
				INFOPLIST_KEY_UIMainStoryboardFile = Main;
				INFOPLIST_KEY_UISupportedInterfaceOrientations_iPad = "UIInterfaceOrientationPortrait UIInterfaceOrientationPortraitUpsideDown UIInterfaceOrientationLandscapeLeft UIInterfaceOrientationLandscapeRight";
				INFOPLIST_KEY_UISupportedInterfaceOrientations_iPhone = "UIInterfaceOrientationPortrait UIInterfaceOrientationLandscapeLeft UIInterfaceOrientationLandscapeRight";
				LD_RUNPATH_SEARCH_PATHS = (
					"$(inherited)",
					"@executable_path/Frameworks",
				);
				MARKETING_VERSION = 1.0;
				PRODUCT_BUNDLE_IDENTIFIER = com.Acabes.Country;
				PRODUCT_NAME = "$(TARGET_NAME)";
				SWIFT_EMIT_LOC_STRINGS = YES;
				SWIFT_VERSION = 5.0;
				TARGETED_DEVICE_FAMILY = "1,2";
			};
			name = Debug;
		};
		890A3B842AEA7EB00047CA15 /* Release */ = {
			isa = XCBuildConfiguration;
			buildSettings = {
				ASSETCATALOG_COMPILER_APPICON_NAME = AppIcon;
				ASSETCATALOG_COMPILER_GLOBAL_ACCENT_COLOR_NAME = AccentColor;
				CODE_SIGN_STYLE = Automatic;
				CURRENT_PROJECT_VERSION = 1;
				GENERATE_INFOPLIST_FILE = YES;
				INFOPLIST_FILE = Country/Info.plist;
				INFOPLIST_KEY_UIApplicationSupportsIndirectInputEvents = YES;
				INFOPLIST_KEY_UILaunchStoryboardName = LaunchScreen;
				INFOPLIST_KEY_UIMainStoryboardFile = Main;
				INFOPLIST_KEY_UISupportedInterfaceOrientations_iPad = "UIInterfaceOrientationPortrait UIInterfaceOrientationPortraitUpsideDown UIInterfaceOrientationLandscapeLeft UIInterfaceOrientationLandscapeRight";
				INFOPLIST_KEY_UISupportedInterfaceOrientations_iPhone = "UIInterfaceOrientationPortrait UIInterfaceOrientationLandscapeLeft UIInterfaceOrientationLandscapeRight";
				LD_RUNPATH_SEARCH_PATHS = (
					"$(inherited)",
					"@executable_path/Frameworks",
				);
				MARKETING_VERSION = 1.0;
				PRODUCT_BUNDLE_IDENTIFIER = com.Acabes.Country;
				PRODUCT_NAME = "$(TARGET_NAME)";
				SWIFT_EMIT_LOC_STRINGS = YES;
				SWIFT_VERSION = 5.0;
				TARGETED_DEVICE_FAMILY = "1,2";
			};
			name = Release;
		};
/* End XCBuildConfiguration section */

/* Begin XCConfigurationList section */
		890A3B692AEA7EAF0047CA15 /* Build configuration list for PBXProject "Country" */ = {
			isa = XCConfigurationList;
			buildConfigurations = (
				890A3B802AEA7EB00047CA15 /* Debug */,
				890A3B812AEA7EB00047CA15 /* Release */,
			);
			defaultConfigurationIsVisible = 0;
			defaultConfigurationName = Release;
		};
		890A3B822AEA7EB00047CA15 /* Build configuration list for PBXNativeTarget "Country" */ = {
			isa = XCConfigurationList;
			buildConfigurations = (
				890A3B832AEA7EB00047CA15 /* Debug */,
				890A3B842AEA7EB00047CA15 /* Release */,
			);
			defaultConfigurationIsVisible = 0;
			defaultConfigurationName = Release;
		};
/* End XCConfigurationList section */
	};
	rootObject = 890A3B662AEA7EAF0047CA15 /* Project object */;
}
